
Microsoft Visual Studio Solution File, Format Version 12.00
# Visual Studio 15
VisualStudioVersion = 15.0.28307.2017
MinimumVisualStudioVersion = 10.0.40219.1
Project("{FAE04EC0-301F-11D3-BF4B-00C04F79EFBC}") = "Demo5", "Demo5\Demo5.csproj", "{2BF3DD28-59DC-44E0-8AB9-CA67D1EB6C7E}"
EndProject
Global
	GlobalSection(SolutionConfigurationPlatforms) = preSolution
		Debug|Any CPU = Debug|Any CPU
		Release|Any CPU = Release|Any CPU
	EndGlobalSection
	GlobalSection(ProjectConfigurationPlatforms) = postSolution
		{2BF3DD28-59DC-44E0-8AB9-CA67D1EB6C7E}.Debug|Any CPU.ActiveCfg = Debug|Any CPU
		{2BF3DD28-59DC-44E0-8AB9-CA67D1EB6C7E}.Debug|Any CPU.Build.0 = Debug|Any CPU
		{2BF3DD28-59DC-44E0-8AB9-CA67D1EB6C7E}.Release|Any CPU.ActiveCfg = Release|Any CPU
		{2BF3DD28-59DC-44E0-8AB9-CA67D1EB6C7E}.Release|Any CPU.Build.0 = Release|Any CPU
	EndGlobalSection
	GlobalSection(SolutionProperties) = preSolution
		HideSolutionNode = FALSE
	EndGlobalSection
	GlobalSection(ExtensibilityGlobals) = postSolution
		SolutionGuid = {060B60CA-EBC0-4BEA-9949-D40374F962E4}
	EndGlobalSection
EndGlobal
